
Microsoft Visual Studio Solution File, Format Version 12.00
# 
Project("{FAE04EC0-301F-11D3-BF4B-00C04F79EFBC}") = "fast-search-ui", "fast-search-ui\fast-search-ui.csproj", "{38F03CE4-F540-4EF3-8C00-1379EDA94C5E}"
EndProject
Project("{F2A71F9B-5D33-465A-A702-920D77279786}") = "fast-search", "fast-search-domain\fast-search.fsproj", "{B0E66C6D-F01B-4B2B-B1C3-F8D06B31274B}"
EndProject
Global
	GlobalSection(SolutionConfigurationPlatforms) = preSolution
		Debug|Any CPU = Debug|Any CPU
		Release|Any CPU = Release|Any CPU
	EndGlobalSection
	GlobalSection(ProjectConfigurationPlatforms) = postSolution
		{38F03CE4-F540-4EF3-8C00-1379EDA94C5E}.Debug|Any CPU.ActiveCfg = Debug|Any CPU
		{38F03CE4-F540-4EF3-8C00-1379EDA94C5E}.Debug|Any CPU.Build.0 = Debug|Any CPU
		{38F03CE4-F540-4EF3-8C00-1379EDA94C5E}.Release|Any CPU.ActiveCfg = Release|Any CPU
		{38F03CE4-F540-4EF3-8C00-1379EDA94C5E}.Release|Any CPU.Build.0 = Release|Any CPU
		{B0E66C6D-F01B-4B2B-B1C3-F8D06B31274B}.Debug|Any CPU.ActiveCfg = Debug|Any CPU
		{B0E66C6D-F01B-4B2B-B1C3-F8D06B31274B}.Debug|Any CPU.Build.0 = Debug|Any CPU
		{B0E66C6D-F01B-4B2B-B1C3-F8D06B31274B}.Release|Any CPU.ActiveCfg = Release|Any CPU
		{B0E66C6D-F01B-4B2B-B1C3-F8D06B31274B}.Release|Any CPU.Build.0 = Release|Any CPU
	EndGlobalSection
EndGlobal
